
Microsoft Visual Studio Solution File, Format Version 12.00
# Visual Studio Version 17
VisualStudioVersion = 17.0.31903.59
MinimumVisualStudioVersion = 10.0.40219.1
Project("{FAE04EC0-301F-11D3-BF4B-00C04F79EFBC}") = "OOP", "OOP.csproj", "{904DA69F-50A1-44E5-9609-77C6916843C3}"
EndProject
Global
	GlobalSection(SolutionConfigurationPlatforms) = preSolution
		Debug|Any CPU = Debug|Any CPU
		Release|Any CPU = Release|Any CPU
	EndGlobalSection
	GlobalSection(ProjectConfigurationPlatforms) = postSolution
		{904DA69F-50A1-44E5-9609-77C6916843C3}.Debug|Any CPU.ActiveCfg = Debug|Any CPU
		{904DA69F-50A1-44E5-9609-77C6916843C3}.Debug|Any CPU.Build.0 = Debug|Any CPU
		{904DA69F-50A1-44E5-9609-77C6916843C3}.Release|Any CPU.ActiveCfg = Release|Any CPU
		{904DA69F-50A1-44E5-9609-77C6916843C3}.Release|Any CPU.Build.0 = Release|Any CPU
	EndGlobalSection
	GlobalSection(SolutionProperties) = preSolution
		HideSolutionNode = FALSE
	EndGlobalSection
	GlobalSection(ExtensibilityGlobals) = postSolution
		SolutionGuid = {C397AF03-D64E-4366-9537-507499DB9EDB}
	EndGlobalSection
EndGlobal
